// !$*UTF8*$!
{
	archiveVersion = 1;
	classes = {
	};
	objectVersion = 55;
	objects = {

/* Begin PBXBuildFile section */
		E54E3D822815D7C800732E9C /* AppDelegate.swift in Sources */ = {isa = PBXBuildFile; fileRef = E54E3D812815D7C800732E9C /* AppDelegate.swift */; };
		E54E3D862815D7C800732E9C /* ViewController.swift in Sources */ = {isa = PBXBuildFile; fileRef = E54E3D852815D7C800732E9C /* ViewController.swift */; };
		E54E3D892815D7C800732E9C /* Main.storyboard in Resources */ = {isa = PBXBuildFile; fileRef = E54E3D872815D7C800732E9C /* Main.storyboard */; };
		E54E3D8C2815D7C800732E9C /* CoreDataLayer.xcdatamodeld in Sources */ = {isa = PBXBuildFile; fileRef = E54E3D8A2815D7C800732E9C /* CoreDataLayer.xcdatamodeld */; };
		E54E3D8E2815D7CE00732E9C /* Assets.xcassets in Resources */ = {isa = PBXBuildFile; fileRef = E54E3D8D2815D7CE00732E9C /* Assets.xcassets */; };
		E54E3D912815D7CE00732E9C /* LaunchScreen.storyboard in Resources */ = {isa = PBXBuildFile; fileRef = E54E3D8F2815D7CE00732E9C /* LaunchScreen.storyboard */; };
		E54E3D9D2815D82500732E9C /* Storable.swift in Sources */ = {isa = PBXBuildFile; fileRef = E54E3D992815D82000732E9C /* Storable.swift */; };
		E54E3D9E2815D82500732E9C /* ConfigurationType.swift in Sources */ = {isa = PBXBuildFile; fileRef = E54E3D9B2815D82100732E9C /* ConfigurationType.swift */; };
		E54E3D9F2815D82500732E9C /* StorageContext.swift in Sources */ = {isa = PBXBuildFile; fileRef = E54E3D9A2815D82100732E9C /* StorageContext.swift */; };
		E54E3DA02815D82500732E9C /* Sorted.swift in Sources */ = {isa = PBXBuildFile; fileRef = E54E3D9C2815D82100732E9C /* Sorted.swift */; };
		E54E3DA22815D8B500732E9C /* CoreDataStorageContext.swift in Sources */ = {isa = PBXBuildFile; fileRef = E54E3DA12815D8B500732E9C /* CoreDataStorageContext.swift */; };
		E54E3DA42815D8CE00732E9C /* CoreDataStoreCoordinator.swift in Sources */ = {isa = PBXBuildFile; fileRef = E54E3DA32815D8CE00732E9C /* CoreDataStoreCoordinator.swift */; };
		E54E3DA92815D97700732E9C /* DomainBaseEntity.swift in Sources */ = {isa = PBXBuildFile; fileRef = E54E3DA82815D96200732E9C /* DomainBaseEntity.swift */; };
		E54E3DAA2815D97700732E9C /* Mapper.swift in Sources */ = {isa = PBXBuildFile; fileRef = E54E3DA72815D96200732E9C /* Mapper.swift */; };
		E54E3DAB2815D97700732E9C /* Mappable.swift in Sources */ = {isa = PBXBuildFile; fileRef = E54E3DA62815D95700732E9C /* Mappable.swift */; };
		E54E3DAE2815D9EB00732E9C /* Runtime in Frameworks */ = {isa = PBXBuildFile; productRef = E54E3DAD2815D9EB00732E9C /* Runtime */; };
		E54E3DB22815DA9100732E9C /* BaseDao.swift in Sources */ = {isa = PBXBuildFile; fileRef = E54E3DB02815DA8300732E9C /* BaseDao.swift */; };
		E54E3DB52815DAFB00732E9C /* DBManager.swift in Sources */ = {isa = PBXBuildFile; fileRef = E54E3DB42815DAFB00732E9C /* DBManager.swift */; };
		E54E3DB82815DC1400732E9C /* StoryEntity.swift in Sources */ = {isa = PBXBuildFile; fileRef = E54E3DB72815DC1000732E9C /* StoryEntity.swift */; };
		E54E3DBA2815DC7600732E9C /* Story.swift in Sources */ = {isa = PBXBuildFile; fileRef = E54E3DB92815DC7500732E9C /* Story.swift */; };
		E54E3DBC2815DCA000732E9C /* StoryDao.swift in Sources */ = {isa = PBXBuildFile; fileRef = E54E3DBB2815DCA000732E9C /* StoryDao.swift */; };
		E54E3DBE2815DCB400732E9C /* StoryDBManager.swift in Sources */ = {isa = PBXBuildFile; fileRef = E54E3DBD2815DCB400732E9C /* StoryDBManager.swift */; };
/* End PBXBuildFile section */

/* Begin PBXFileReference section */
		E54E3D7E2815D7C800732E9C /* CoreDataLayer.app */ = {isa = PBXFileReference; explicitFileType = wrapper.application; includeInIndex = 0; path = CoreDataLayer.app; sourceTree = BUILT_PRODUCTS_DIR; };
		E54E3D812815D7C800732E9C /* AppDelegate.swift */ = {isa = PBXFileReference; lastKnownFileType = sourcecode.swift; path = AppDelegate.swift; sourceTree = "<group>"; };
		E54E3D852815D7C800732E9C /* ViewController.swift */ = {isa = PBXFileReference; lastKnownFileType = sourcecode.swift; path = ViewController.swift; sourceTree = "<group>"; };
		E54E3D882815D7C800732E9C /* Base */ = {isa = PBXFileReference; lastKnownFileType = file.storyboard; name = Base; path = Base.lproj/Main.storyboard; sourceTree = "<group>"; };
		E54E3D8B2815D7C800732E9C /* CoreDataLayer.xcdatamodel */ = {isa = PBXFileReference; lastKnownFileType = wrapper.xcdatamodel; path = CoreDataLayer.xcdatamodel; sourceTree = "<group>"; };
		E54E3D8D2815D7CE00732E9C /* Assets.xcassets */ = {isa = PBXFileReference; lastKnownFileType = folder.assetcatalog; path = Assets.xcassets; sourceTree = "<group>"; };
		E54E3D902815D7CE00732E9C /* Base */ = {isa = PBXFileReference; lastKnownFileType = file.storyboard; name = Base; path = Base.lproj/LaunchScreen.storyboard; sourceTree = "<group>"; };
		E54E3D922815D7CE00732E9C /* Info.plist */ = {isa = PBXFileReference; lastKnownFileType = text.plist.xml; path = Info.plist; sourceTree = "<group>"; };
		E54E3D992815D82000732E9C /* Storable.swift */ = {isa = PBXFileReference; lastKnownFileType = sourcecode.swift; path = Storable.swift; sourceTree = "<group>"; };
		E54E3D9A2815D82100732E9C /* StorageContext.swift */ = {isa = PBXFileReference; lastKnownFileType = sourcecode.swift; path = StorageContext.swift; sourceTree = "<group>"; };
		E54E3D9B2815D82100732E9C /* ConfigurationType.swift */ = {isa = PBXFileReference; lastKnownFileType = sourcecode.swift; path = ConfigurationType.swift; sourceTree = "<group>"; };
		E54E3D9C2815D82100732E9C /* Sorted.swift */ = {isa = PBXFileReference; lastKnownFileType = sourcecode.swift; path = Sorted.swift; sourceTree = "<group>"; };
		E54E3DA12815D8B500732E9C /* CoreDataStorageContext.swift */ = {isa = PBXFileReference; lastKnownFileType = sourcecode.swift; path = CoreDataStorageContext.swift; sourceTree = "<group>"; };
		E54E3DA32815D8CE00732E9C /* CoreDataStoreCoordinator.swift */ = {isa = PBXFileReference; lastKnownFileType = sourcecode.swift; path = CoreDataStoreCoordinator.swift; sourceTree = "<group>"; };
		E54E3DA62815D95700732E9C /* Mappable.swift */ = {isa = PBXFileReference; lastKnownFileType = sourcecode.swift; path = Mappable.swift; sourceTree = "<group>"; };
		E54E3DA72815D96200732E9C /* Mapper.swift */ = {isa = PBXFileReference; lastKnownFileType = sourcecode.swift; path = Mapper.swift; sourceTree = "<group>"; };
		E54E3DA82815D96200732E9C /* DomainBaseEntity.swift */ = {isa = PBXFileReference; lastKnownFileType = sourcecode.swift; path = DomainBaseEntity.swift; sourceTree = "<group>"; };
		E54E3DB02815DA8300732E9C /* BaseDao.swift */ = {isa = PBXFileReference; lastKnownFileType = sourcecode.swift; path = BaseDao.swift; sourceTree = "<group>"; };
		E54E3DB42815DAFB00732E9C /* DBManager.swift */ = {isa = PBXFileReference; lastKnownFileType = sourcecode.swift; path = DBManager.swift; sourceTree = "<group>"; };
		E54E3DB72815DC1000732E9C /* StoryEntity.swift */ = {isa = PBXFileReference; lastKnownFileType = sourcecode.swift; path = StoryEntity.swift; sourceTree = "<group>"; };
		E54E3DB92815DC7500732E9C /* Story.swift */ = {isa = PBXFileReference; lastKnownFileType = sourcecode.swift; path = Story.swift; sourceTree = "<group>"; };
		E54E3DBB2815DCA000732E9C /* StoryDao.swift */ = {isa = PBXFileReference; lastKnownFileType = sourcecode.swift; path = StoryDao.swift; sourceTree = "<group>"; };
		E54E3DBD2815DCB400732E9C /* StoryDBManager.swift */ = {isa = PBXFileReference; lastKnownFileType = sourcecode.swift; path = StoryDBManager.swift; sourceTree = "<group>"; };
/* End PBXFileReference section */

/* Begin PBXFrameworksBuildPhase section */
		E54E3D7B2815D7C800732E9C /* Frameworks */ = {
			isa = PBXFrameworksBuildPhase;
			buildActionMask = 2147483647;
			files = (
				E54E3DAE2815D9EB00732E9C /* Runtime in Frameworks */,
			);
			runOnlyForDeploymentPostprocessing = 0;
		};
/* End PBXFrameworksBuildPhase section */

/* Begin PBXGroup section */
		E54E3D752815D7C800732E9C = {
			isa = PBXGroup;
			children = (
				E54E3D802815D7C800732E9C /* CoreDataLayer */,
				E54E3D7F2815D7C800732E9C /* Products */,
			);
			sourceTree = "<group>";
		};
		E54E3D7F2815D7C800732E9C /* Products */ = {
			isa = PBXGroup;
			children = (
				E54E3D7E2815D7C800732E9C /* CoreDataLayer.app */,
			);
			name = Products;
			sourceTree = "<group>";
		};
		E54E3D802815D7C800732E9C /* CoreDataLayer */ = {
			isa = PBXGroup;
			children = (
				E54E3DB62815DBA800732E9C /* Models */,
				E54E3D812815D7C800732E9C /* AppDelegate.swift */,
				E54E3D852815D7C800732E9C /* ViewController.swift */,
				E54E3D872815D7C800732E9C /* Main.storyboard */,
				E54E3D8D2815D7CE00732E9C /* Assets.xcassets */,
				E54E3D8F2815D7CE00732E9C /* LaunchScreen.storyboard */,
				E54E3D922815D7CE00732E9C /* Info.plist */,
				E54E3D8A2815D7C800732E9C /* CoreDataLayer.xcdatamodeld */,
				E54E3D982815D80B00732E9C /* CoreData */,
				E54E3DAF2815DA6B00732E9C /* Data Access Object */,
			);
			path = CoreDataLayer;
			sourceTree = "<group>";
		};
		E54E3D982815D80B00732E9C /* CoreData */ = {
			isa = PBXGroup;
			children = (
				E54E3D9B2815D82100732E9C /* ConfigurationType.swift */,
				E54E3D9C2815D82100732E9C /* Sorted.swift */,
				E54E3D992815D82000732E9C /* Storable.swift */,
				E54E3D9A2815D82100732E9C /* StorageContext.swift */,
				E54E3DA32815D8CE00732E9C /* CoreDataStoreCoordinator.swift */,
				E54E3DA12815D8B500732E9C /* CoreDataStorageContext.swift */,
				E54E3DA52815D94300732E9C /* Mapping */,
			);
			path = CoreData;
			sourceTree = "<group>";
		};
		E54E3DA52815D94300732E9C /* Mapping */ = {
			isa = PBXGroup;
			children = (
				E54E3DA62815D95700732E9C /* Mappable.swift */,
				E54E3DA82815D96200732E9C /* DomainBaseEntity.swift */,
				E54E3DA72815D96200732E9C /* Mapper.swift */,
			);
			path = Mapping;
			sourceTree = "<group>";
		};
		E54E3DAF2815DA6B00732E9C /* Data Access Object */ = {
			isa = PBXGroup;
			children = (
				E54E3DB02815DA8300732E9C /* BaseDao.swift */,
				E54E3DB42815DAFB00732E9C /* DBManager.swift */,
			);
			path = "Data Access Object";
			sourceTree = "<group>";
		};
		E54E3DB62815DBA800732E9C /* Models */ = {
			isa = PBXGroup;
			children = (
				E54E3DB72815DC1000732E9C /* StoryEntity.swift */,
				E54E3DB92815DC7500732E9C /* Story.swift */,
				E54E3DBB2815DCA000732E9C /* StoryDao.swift */,
				E54E3DBD2815DCB400732E9C /* StoryDBManager.swift */,
			);
			path = Models;
			sourceTree = "<group>";
		};
/* End PBXGroup section */

/* Begin PBXNativeTarget section */
		E54E3D7D2815D7C800732E9C /* CoreDataLayer */ = {
			isa = PBXNativeTarget;
			buildConfigurationList = E54E3D952815D7CE00732E9C /* Build configuration list for PBXNativeTarget "CoreDataLayer" */;
			buildPhases = (
				E54E3D7A2815D7C800732E9C /* Sources */,
				E54E3D7B2815D7C800732E9C /* Frameworks */,
				E54E3D7C2815D7C800732E9C /* Resources */,
			);
			buildRules = (
			);
			dependencies = (
			);
			name = CoreDataLayer;
			packageProductDependencies = (
				E54E3DAD2815D9EB00732E9C /* Runtime */,
			);
			productName = CoreDataLayer;
			productReference = E54E3D7E2815D7C800732E9C /* CoreDataLayer.app */;
			productType = "com.apple.product-type.application";
		};
/* End PBXNativeTarget section */

/* Begin PBXProject section */
		E54E3D762815D7C800732E9C /* Project object */ = {
			isa = PBXProject;
			attributes = {
				BuildIndependentTargetsInParallel = 1;
				LastSwiftUpdateCheck = 1330;
				LastUpgradeCheck = 1330;
				TargetAttributes = {
					E54E3D7D2815D7C800732E9C = {
						CreatedOnToolsVersion = 13.3.1;
					};
				};
			};
			buildConfigurationList = E54E3D792815D7C800732E9C /* Build configuration list for PBXProject "CoreDataLayer" */;
			compatibilityVersion = "Xcode 13.0";
			developmentRegion = en;
			hasScannedForEncodings = 0;
			knownRegions = (
				en,
				Base,
			);
			mainGroup = E54E3D752815D7C800732E9C;
			packageReferences = (
				E54E3DAC2815D9EB00732E9C /* XCRemoteSwiftPackageReference "Runtime" */,
			);
			productRefGroup = E54E3D7F2815D7C800732E9C /* Products */;
			projectDirPath = "";
			projectRoot = "";
			targets = (
				E54E3D7D2815D7C800732E9C /* CoreDataLayer */,
			);
		};
/* End PBXProject section */

/* Begin PBXResourcesBuildPhase section */
		E54E3D7C2815D7C800732E9C /* Resources */ = {
			isa = PBXResourcesBuildPhase;
			buildActionMask = 2147483647;
			files = (
				E54E3D912815D7CE00732E9C /* LaunchScreen.storyboard in Resources */,
				E54E3D8E2815D7CE00732E9C /* Assets.xcassets in Resources */,
				E54E3D892815D7C800732E9C /* Main.storyboard in Resources */,
			);
			runOnlyForDeploymentPostprocessing = 0;
		};
/* End PBXResourcesBuildPhase section */

/* Begin PBXSourcesBuildPhase section */
		E54E3D7A2815D7C800732E9C /* Sources */ = {
			isa = PBXSourcesBuildPhase;
			buildActionMask = 2147483647;
			files = (
				E54E3DA02815D82500732E9C /* Sorted.swift in Sources */,
				E54E3DBC2815DCA000732E9C /* StoryDao.swift in Sources */,
				E54E3DA42815D8CE00732E9C /* CoreDataStoreCoordinator.swift in Sources */,
				E54E3D862815D7C800732E9C /* ViewController.swift in Sources */,
				E54E3D9F2815D82500732E9C /* StorageContext.swift in Sources */,
				E54E3DAA2815D97700732E9C /* Mapper.swift in Sources */,
				E54E3D9D2815D82500732E9C /* Storable.swift in Sources */,
				E54E3DBE2815DCB400732E9C /* StoryDBManager.swift in Sources */,
				E54E3D822815D7C800732E9C /* AppDelegate.swift in Sources */,
				E54E3DBA2815DC7600732E9C /* Story.swift in Sources */,
				E54E3DAB2815D97700732E9C /* Mappable.swift in Sources */,
				E54E3D8C2815D7C800732E9C /* CoreDataLayer.xcdatamodeld in Sources */,
				E54E3D9E2815D82500732E9C /* ConfigurationType.swift in Sources */,
				E54E3DA22815D8B500732E9C /* CoreDataStorageContext.swift in Sources */,
				E54E3DA92815D97700732E9C /* DomainBaseEntity.swift in Sources */,
				E54E3DB22815DA9100732E9C /* BaseDao.swift in Sources */,
				E54E3DB52815DAFB00732E9C /* DBManager.swift in Sources */,
				E54E3DB82815DC1400732E9C /* StoryEntity.swift in Sources */,
			);
			runOnlyForDeploymentPostprocessing = 0;
		};
/* End PBXSourcesBuildPhase section */

/* Begin PBXVariantGroup section */
		E54E3D872815D7C800732E9C /* Main.storyboard */ = {
			isa = PBXVariantGroup;
			children = (
				E54E3D882815D7C800732E9C /* Base */,
			);
			name = Main.storyboard;
			sourceTree = "<group>";
		};
		E54E3D8F2815D7CE00732E9C /* LaunchScreen.storyboard */ = {
			isa = PBXVariantGroup;
			children = (
				E54E3D902815D7CE00732E9C /* Base */,
			);
			name = LaunchScreen.storyboard;
			sourceTree = "<group>";
		};
/* End PBXVariantGroup section */

/* Begin XCBuildConfiguration section */
		E54E3D932815D7CE00732E9C /* Debug */ = {
			isa = XCBuildConfiguration;
			buildSettings = {
				ALWAYS_SEARCH_USER_PATHS = NO;
				CLANG_ANALYZER_NONNULL = YES;
				CLANG_ANALYZER_NUMBER_OBJECT_CONVERSION = YES_AGGRESSIVE;
				CLANG_CXX_LANGUAGE_STANDARD = "gnu++17";
				CLANG_ENABLE_MODULES = YES;
				CLANG_ENABLE_OBJC_ARC = YES;
				CLANG_ENABLE_OBJC_WEAK = YES;
				CLANG_WARN_BLOCK_CAPTURE_AUTORELEASING = YES;
				CLANG_WARN_BOOL_CONVERSION = YES;
				CLANG_WARN_COMMA = YES;
				CLANG_WARN_CONSTANT_CONVERSION = YES;
				CLANG_WARN_DEPRECATED_OBJC_IMPLEMENTATIONS = YES;
				CLANG_WARN_DIRECT_OBJC_ISA_USAGE = YES_ERROR;
				CLANG_WARN_DOCUMENTATION_COMMENTS = YES;
				CLANG_WARN_EMPTY_BODY = YES;
				CLANG_WARN_ENUM_CONVERSION = YES;
				CLANG_WARN_INFINITE_RECURSION = YES;
				CLANG_WARN_INT_CONVERSION = YES;
				CLANG_WARN_NON_LITERAL_NULL_CONVERSION = YES;
				CLANG_WARN_OBJC_IMPLICIT_RETAIN_SELF = YES;
				CLANG_WARN_OBJC_LITERAL_CONVERSION = YES;
				CLANG_WARN_OBJC_ROOT_CLASS = YES_ERROR;
				CLANG_WARN_QUOTED_INCLUDE_IN_FRAMEWORK_HEADER = YES;
				CLANG_WARN_RANGE_LOOP_ANALYSIS = YES;
				CLANG_WARN_STRICT_PROTOTYPES = YES;
				CLANG_WARN_SUSPICIOUS_MOVE = YES;
				CLANG_WARN_UNGUARDED_AVAILABILITY = YES_AGGRESSIVE;
				CLANG_WARN_UNREACHABLE_CODE = YES;
				CLANG_WARN__DUPLICATE_METHOD_MATCH = YES;
				COPY_PHASE_STRIP = NO;
				DEBUG_INFORMATION_FORMAT = dwarf;
				ENABLE_STRICT_OBJC_MSGSEND = YES;
				ENABLE_TESTABILITY = YES;
				GCC_C_LANGUAGE_STANDARD = gnu11;
				GCC_DYNAMIC_NO_PIC = NO;
				GCC_NO_COMMON_BLOCKS = YES;
				GCC_OPTIMIZATION_LEVEL = 0;
				GCC_PREPROCESSOR_DEFINITIONS = (
					"DEBUG=1",
					"$(inherited)",
				);
				GCC_WARN_64_TO_32_BIT_CONVERSION = YES;
				GCC_WARN_ABOUT_RETURN_TYPE = YES_ERROR;
				GCC_WARN_UNDECLARED_SELECTOR = YES;
				GCC_WARN_UNINITIALIZED_AUTOS = YES_AGGRESSIVE;
				GCC_WARN_UNUSED_FUNCTION = YES;
				GCC_WARN_UNUSED_VARIABLE = YES;
				IPHONEOS_DEPLOYMENT_TARGET = 15.4;
				MTL_ENABLE_DEBUG_INFO = INCLUDE_SOURCE;
				MTL_FAST_MATH = YES;
				ONLY_ACTIVE_ARCH = YES;
				SDKROOT = iphoneos;
				SWIFT_ACTIVE_COMPILATION_CONDITIONS = DEBUG;
				SWIFT_OPTIMIZATION_LEVEL = "-Onone";
			};
			name = Debug;
		};
		E54E3D942815D7CE00732E9C /* Release */ = {
			isa = XCBuildConfiguration;
			buildSettings = {
				ALWAYS_SEARCH_USER_PATHS = NO;
				CLANG_ANALYZER_NONNULL = YES;
				CLANG_ANALYZER_NUMBER_OBJECT_CONVERSION = YES_AGGRESSIVE;
				CLANG_CXX_LANGUAGE_STANDARD = "gnu++17";
				CLANG_ENABLE_MODULES = YES;
				CLANG_ENABLE_OBJC_ARC = YES;
				CLANG_ENABLE_OBJC_WEAK = YES;
				CLANG_WARN_BLOCK_CAPTURE_AUTORELEASING = YES;
				CLANG_WARN_BOOL_CONVERSION = YES;
				CLANG_WARN_COMMA = YES;
				CLANG_WARN_CONSTANT_CONVERSION = YES;
				CLANG_WARN_DEPRECATED_OBJC_IMPLEMENTATIONS = YES;
				CLANG_WARN_DIRECT_OBJC_ISA_USAGE = YES_ERROR;
				CLANG_WARN_DOCUMENTATION_COMMENTS = YES;
				CLANG_WARN_EMPTY_BODY = YES;
				CLANG_WARN_ENUM_CONVERSION = YES;
				CLANG_WARN_INFINITE_RECURSION = YES;
				CLANG_WARN_INT_CONVERSION = YES;
				CLANG_WARN_NON_LITERAL_NULL_CONVERSION = YES;
				CLANG_WARN_OBJC_IMPLICIT_RETAIN_SELF = YES;
				CLANG_WARN_OBJC_LITERAL_CONVERSION = YES;
				CLANG_WARN_OBJC_ROOT_CLASS = YES_ERROR;
				CLANG_WARN_QUOTED_INCLUDE_IN_FRAMEWORK_HEADER = YES;
				CLANG_WARN_RANGE_LOOP_ANALYSIS = YES;
				CLANG_WARN_STRICT_PROTOTYPES = YES;
				CLANG_WARN_SUSPICIOUS_MOVE = YES;
				CLANG_WARN_UNGUARDED_AVAILABILITY = YES_AGGRESSIVE;
				CLANG_WARN_UNREACHABLE_CODE = YES;
				CLANG_WARN__DUPLICATE_METHOD_MATCH = YES;
				COPY_PHASE_STRIP = NO;
				DEBUG_INFORMATION_FORMAT = "dwarf-with-dsym";
				ENABLE_NS_ASSERTIONS = NO;
				ENABLE_STRICT_OBJC_MSGSEND = YES;
				GCC_C_LANGUAGE_STANDARD = gnu11;
				GCC_NO_COMMON_BLOCKS = YES;
				GCC_WARN_64_TO_32_BIT_CONVERSION = YES;
				GCC_WARN_ABOUT_RETURN_TYPE = YES_ERROR;
				GCC_WARN_UNDECLARED_SELECTOR = YES;
				GCC_WARN_UNINITIALIZED_AUTOS = YES_AGGRESSIVE;
				GCC_WARN_UNUSED_FUNCTION = YES;
				GCC_WARN_UNUSED_VARIABLE = YES;
				IPHONEOS_DEPLOYMENT_TARGET = 15.4;
				MTL_ENABLE_DEBUG_INFO = NO;
				MTL_FAST_MATH = YES;
				SDKROOT = iphoneos;
				SWIFT_COMPILATION_MODE = wholemodule;
				SWIFT_OPTIMIZATION_LEVEL = "-O";
				VALIDATE_PRODUCT = YES;
			};
			name = Release;
		};
		E54E3D962815D7CE00732E9C /* Debug */ = {
			isa = XCBuildConfiguration;
			buildSettings = {
				ASSETCATALOG_COMPILER_APPICON_NAME = AppIcon;
				ASSETCATALOG_COMPILER_GLOBAL_ACCENT_COLOR_NAME = AccentColor;
				CODE_SIGN_STYLE = Automatic;
				CURRENT_PROJECT_VERSION = 1;
				DEVELOPMENT_TEAM = Q78LKWJ5MC;
				GENERATE_INFOPLIST_FILE = YES;
				INFOPLIST_FILE = CoreDataLayer/Info.plist;
				INFOPLIST_KEY_UIApplicationSupportsIndirectInputEvents = YES;
				INFOPLIST_KEY_UILaunchStoryboardName = LaunchScreen;
				INFOPLIST_KEY_UIMainStoryboardFile = Main;
				INFOPLIST_KEY_UISupportedInterfaceOrientations_iPad = "UIInterfaceOrientationPortrait UIInterfaceOrientationPortraitUpsideDown UIInterfaceOrientationLandscapeLeft UIInterfaceOrientationLandscapeRight";
				INFOPLIST_KEY_UISupportedInterfaceOrientations_iPhone = "UIInterfaceOrientationPortrait UIInterfaceOrientationLandscapeLeft UIInterfaceOrientationLandscapeRight";
				LD_RUNPATH_SEARCH_PATHS = (
					"$(inherited)",
					"@executable_path/Frameworks",
				);
				MARKETING_VERSION = 1.0;
				PRODUCT_BUNDLE_IDENTIFIER = com.fabiosoft.CoreDataLayer;
				PRODUCT_NAME = "$(TARGET_NAME)";
				SWIFT_EMIT_LOC_STRINGS = YES;
				SWIFT_VERSION = 5.0;
				TARGETED_DEVICE_FAMILY = "1,2";
			};
			name = Debug;
		};
		E54E3D972815D7CE00732E9C /* Release */ = {
			isa = XCBuildConfiguration;
			buildSettings = {
				ASSETCATALOG_COMPILER_APPICON_NAME = AppIcon;
				ASSETCATALOG_COMPILER_GLOBAL_ACCENT_COLOR_NAME = AccentColor;
				CODE_SIGN_STYLE = Automatic;
				CURRENT_PROJECT_VERSION = 1;
				DEVELOPMENT_TEAM = Q78LKWJ5MC;
				GENERATE_INFOPLIST_FILE = YES;
				INFOPLIST_FILE = CoreDataLayer/Info.plist;
				INFOPLIST_KEY_UIApplicationSupportsIndirectInputEvents = YES;
				INFOPLIST_KEY_UILaunchStoryboardName = LaunchScreen;
				INFOPLIST_KEY_UIMainStoryboardFile = Main;
				INFOPLIST_KEY_UISupportedInterfaceOrientations_iPad = "UIInterfaceOrientationPortrait UIInterfaceOrientationPortraitUpsideDown UIInterfaceOrientationLandscapeLeft UIInterfaceOrientationLandscapeRight";
				INFOPLIST_KEY_UISupportedInterfaceOrientations_iPhone = "UIInterfaceOrientationPortrait UIInterfaceOrientationLandscapeLeft UIInterfaceOrientationLandscapeRight";
				LD_RUNPATH_SEARCH_PATHS = (
					"$(inherited)",
					"@executable_path/Frameworks",
				);
				MARKETING_VERSION = 1.0;
				PRODUCT_BUNDLE_IDENTIFIER = com.fabiosoft.CoreDataLayer;
				PRODUCT_NAME = "$(TARGET_NAME)";
				SWIFT_EMIT_LOC_STRINGS = YES;
				SWIFT_VERSION = 5.0;
				TARGETED_DEVICE_FAMILY = "1,2";
			};
			name = Release;
		};
/* End XCBuildConfiguration section */

/* Begin XCConfigurationList section */
		E54E3D792815D7C800732E9C /* Build configuration list for PBXProject "CoreDataLayer" */ = {
			isa = XCConfigurationList;
			buildConfigurations = (
				E54E3D932815D7CE00732E9C /* Debug */,
				E54E3D942815D7CE00732E9C /* Release */,
			);
			defaultConfigurationIsVisible = 0;
			defaultConfigurationName = Release;
		};
		E54E3D952815D7CE00732E9C /* Build configuration list for PBXNativeTarget "CoreDataLayer" */ = {
			isa = XCConfigurationList;
			buildConfigurations = (
				E54E3D962815D7CE00732E9C /* Debug */,
				E54E3D972815D7CE00732E9C /* Release */,
			);
			defaultConfigurationIsVisible = 0;
			defaultConfigurationName = Release;
		};
/* End XCConfigurationList section */

/* Begin XCRemoteSwiftPackageReference section */
		E54E3DAC2815D9EB00732E9C /* XCRemoteSwiftPackageReference "Runtime" */ = {
			isa = XCRemoteSwiftPackageReference;
			repositoryURL = "https://github.com/wickwirew/Runtime";
			requirement = {
				kind = exactVersion;
				version = 2.2.4;
			};
		};
/* End XCRemoteSwiftPackageReference section */

/* Begin XCSwiftPackageProductDependency section */
		E54E3DAD2815D9EB00732E9C /* Runtime */ = {
			isa = XCSwiftPackageProductDependency;
			package = E54E3DAC2815D9EB00732E9C /* XCRemoteSwiftPackageReference "Runtime" */;
			productName = Runtime;
		};
/* End XCSwiftPackageProductDependency section */

/* Begin XCVersionGroup section */
		E54E3D8A2815D7C800732E9C /* CoreDataLayer.xcdatamodeld */ = {
			isa = XCVersionGroup;
			children = (
				E54E3D8B2815D7C800732E9C /* CoreDataLayer.xcdatamodel */,
			);
			currentVersion = E54E3D8B2815D7C800732E9C /* CoreDataLayer.xcdatamodel */;
			path = CoreDataLayer.xcdatamodeld;
			sourceTree = "<group>";
			versionGroupType = wrapper.xcdatamodel;
		};
/* End XCVersionGroup section */
	};
	rootObject = E54E3D762815D7C800732E9C /* Project object */;
}
